
Microsoft Visual Studio Solution File, Format Version 12.00
# Visual Studio Version 16
VisualStudioVersion = 16.0.29920.165
MinimumVisualStudioVersion = 10.0.40219.1
Project("{9A19103F-16F7-4668-BE54-9A1E7A4F7556}") = "my-new-app", "my-new-app.csproj", "{26919D1E-0CAF-4466-9D70-B2EC8CCEC404}"
EndProject
Global
	GlobalSection(SolutionConfigurationPlatforms) = preSolution
		Debug|Any CPU = Debug|Any CPU
		Release|Any CPU = Release|Any CPU
	EndGlobalSection
	GlobalSection(ProjectConfigurationPlatforms) = postSolution
		{26919D1E-0CAF-4466-9D70-B2EC8CCEC404}.Debug|Any CPU.ActiveCfg = Debug|Any CPU
		{26919D1E-0CAF-4466-9D70-B2EC8CCEC404}.Debug|Any CPU.Build.0 = Debug|Any CPU
		{26919D1E-0CAF-4466-9D70-B2EC8CCEC404}.Release|Any CPU.ActiveCfg = Release|Any CPU
		{26919D1E-0CAF-4466-9D70-B2EC8CCEC404}.Release|Any CPU.Build.0 = Release|Any CPU
	EndGlobalSection
	GlobalSection(SolutionProperties) = preSolution
		HideSolutionNode = FALSE
	EndGlobalSection
	GlobalSection(ExtensibilityGlobals) = postSolution
		SolutionGuid = {EDEF582B-6901-43B9-831A-4FD8A99ED12C}
	EndGlobalSection
EndGlobal
